
Microsoft Visual Studio Solution File, Format Version 12.00
# Visual Studio Version 17
VisualStudioVersion = 17.14.36203.30 d17.14
MinimumVisualStudioVersion = 10.0.40219.1
Project("{C9674DCB-5085-4A16-B785-4C70DD1589BD}") = "SSIS Python Test", "SSIS Python\SSIS Python.dtproj", "{21725E6B-FF60-326D-97D6-55E10003854D}"
EndProject
Global
	GlobalSection(SolutionConfigurationPlatforms) = preSolution
		Development|Default = Development|Default
	EndGlobalSection
	GlobalSection(ProjectConfigurationPlatforms) = postSolution
		{21725E6B-FF60-326D-97D6-55E10003854D}.Development|Default.ActiveCfg = Development
		{21725E6B-FF60-326D-97D6-55E10003854D}.Development|Default.Build.0 = Development
	EndGlobalSection
	GlobalSection(SolutionProperties) = preSolution
		HideSolutionNode = FALSE
	EndGlobalSection
	GlobalSection(ExtensibilityGlobals) = postSolution
		SolutionGuid = {3CC5E95C-F7F6-48C1-B3D4-5045986B944C}
	EndGlobalSection
EndGlobal
